
Microsoft Visual Studio Solution File, Format Version 12.00
# Visual Studio Version 17
VisualStudioVersion = 17.7.34024.191
MinimumVisualStudioVersion = 10.0.40219.1
Project("{FAE04EC0-301F-11D3-BF4B-00C04F79EFBC}") = "ComeBack.API", "ComeBack.API\ComeBack.API.csproj", "{E0E0AB9A-D47F-4B94-809A-2DBD812499B3}"
EndProject
Project("{FAE04EC0-301F-11D3-BF4B-00C04F79EFBC}") = "ComeBack.Web", "ComeBack.Web\ComeBack.Web.csproj", "{A6E4367E-2A33-41B5-B210-ABA73F3A259A}"
EndProject
Global
	GlobalSection(SolutionConfigurationPlatforms) = preSolution
		Debug|Any CPU = Debug|Any CPU
		Release|Any CPU = Release|Any CPU
	EndGlobalSection
	GlobalSection(ProjectConfigurationPlatforms) = postSolution
		{E0E0AB9A-D47F-4B94-809A-2DBD812499B3}.Debug|Any CPU.ActiveCfg = Debug|Any CPU
		{E0E0AB9A-D47F-4B94-809A-2DBD812499B3}.Debug|Any CPU.Build.0 = Debug|Any CPU
		{E0E0AB9A-D47F-4B94-809A-2DBD812499B3}.Release|Any CPU.ActiveCfg = Release|Any CPU
		{E0E0AB9A-D47F-4B94-809A-2DBD812499B3}.Release|Any CPU.Build.0 = Release|Any CPU
		{A6E4367E-2A33-41B5-B210-ABA73F3A259A}.Debug|Any CPU.ActiveCfg = Debug|Any CPU
		{A6E4367E-2A33-41B5-B210-ABA73F3A259A}.Debug|Any CPU.Build.0 = Debug|Any CPU
		{A6E4367E-2A33-41B5-B210-ABA73F3A259A}.Release|Any CPU.ActiveCfg = Release|Any CPU
		{A6E4367E-2A33-41B5-B210-ABA73F3A259A}.Release|Any CPU.Build.0 = Release|Any CPU
	EndGlobalSection
	GlobalSection(SolutionProperties) = preSolution
		HideSolutionNode = FALSE
	EndGlobalSection
	GlobalSection(ExtensibilityGlobals) = postSolution
		SolutionGuid = {8141F6FD-BFC5-490D-A32F-C061EBCDC72A}
	EndGlobalSection
EndGlobal
